PODS:
  - HGCategoryView (1.1.2):
    - Masonry (~> 1.1.0)
  - HGSegmentedPageViewController (1.1.3):
    - HGCategoryView (~> 1.1.2)
    - Masonry (~> 1.1.0)
  - Masonry (1.1.0)

DEPENDENCIES:
  - HGSegmentedPageViewController (from `../`)

SPEC REPOS:
  trunk:
    - HGCategoryView
    - Masonry

EXTERNAL SOURCES:
  HGSegmentedPageViewController:
    :path: "../"

SPEC CHECKSUMS:
  HGCategoryView: 8437194aab246579ba2c29e0fdb7992d54c0ab2d
  HGSegmentedPageViewController: e686892ea639a170d1ffca8cd12c2f67fc172a5f
  Masonry: 678fab65091a9290e40e2832a55e7ab731aad201

PODFILE CHECKSUM: 709443270ea32a6abb577dac16794e94e0b7b59a

COCOAPODS: 1.9.3
