PODS:
  - HGCategoryView (1.1.7):
    - Masonry (~> 1.1.0)
  - HGSegmentedPageViewController (1.2.1):
    - HGCategoryView (~> 1.1.7)
    - Masonry (~> 1.1.0)
  - Masonry (1.1.0)

DEPENDENCIES:
  - HGSegmentedPageViewController (from `../`)

SPEC REPOS:
  https://github.com/CocoaPods/Specs.git:
    - HGCategoryView
    - Masonry

EXTERNAL SOURCES:
  HGSegmentedPageViewController:
    :path: "../"

SPEC CHECKSUMS:
  HGCategoryView: 88b4aa1e1e1bb973a5d2b3cf864811830333ca31
  HGSegmentedPageViewController: c82b6e2a14bcd895fe837e49e026ba7f5878038c
  Masonry: 678fab65091a9290e40e2832a55e7ab731aad201

PODFILE CHECKSUM: 84514791a5e952d4fd3f82d076b16ee11f040b13

COCOAPODS: 1.9.3
